
Microsoft Visual Studio Solution File, Format Version 12.00
# Visual Studio Version 16
VisualStudioVersion = 16.0.31205.134
MinimumVisualStudioVersion = 10.0.40219.1
Project("{FAE04EC0-301F-11D3-BF4B-00C04F79EFBC}") = "Museo", "Museo\Museo.csproj", "{00BF6CE4-0C82-4197-863D-35B9A3965D1F}"
EndProject
Global
	GlobalSection(SolutionConfigurationPlatforms) = preSolution
		Debug|Any CPU = Debug|Any CPU
		Release|Any CPU = Release|Any CPU
	EndGlobalSection
	GlobalSection(ProjectConfigurationPlatforms) = postSolution
		{00BF6CE4-0C82-4197-863D-35B9A3965D1F}.Debug|Any CPU.ActiveCfg = Debug|Any CPU
		{00BF6CE4-0C82-4197-863D-35B9A3965D1F}.Debug|Any CPU.Build.0 = Debug|Any CPU
		{00BF6CE4-0C82-4197-863D-35B9A3965D1F}.Release|Any CPU.ActiveCfg = Release|Any CPU
		{00BF6CE4-0C82-4197-863D-35B9A3965D1F}.Release|Any CPU.Build.0 = Release|Any CPU
	EndGlobalSection
	GlobalSection(SolutionProperties) = preSolution
		HideSolutionNode = FALSE
	EndGlobalSection
	GlobalSection(ExtensibilityGlobals) = postSolution
		SolutionGuid = {B98B6F86-589A-4FF7-9836-56F55E748852}
	EndGlobalSection
EndGlobal
